
Microsoft Visual Studio Solution File, Format Version 12.00
# Visual Studio Version 16
VisualStudioVersion = 16.0.32106.194
MinimumVisualStudioVersion = 10.0.40219.1
Project("{9A19103F-16F7-4668-BE54-9A1E7A4F7556}") = "Threads", "Lab14\Threads.csproj", "{CEC7F516-1270-4A4D-BF5A-CC3FDD170124}"
EndProject
Global
	GlobalSection(SolutionConfigurationPlatforms) = preSolution
		Debug|Any CPU = Debug|Any CPU
		Release|Any CPU = Release|Any CPU
	EndGlobalSection
	GlobalSection(ProjectConfigurationPlatforms) = postSolution
		{CEC7F516-1270-4A4D-BF5A-CC3FDD170124}.Debug|Any CPU.ActiveCfg = Debug|Any CPU
		{CEC7F516-1270-4A4D-BF5A-CC3FDD170124}.Debug|Any CPU.Build.0 = Debug|Any CPU
		{CEC7F516-1270-4A4D-BF5A-CC3FDD170124}.Release|Any CPU.ActiveCfg = Release|Any CPU
		{CEC7F516-1270-4A4D-BF5A-CC3FDD170124}.Release|Any CPU.Build.0 = Release|Any CPU
	EndGlobalSection
	GlobalSection(SolutionProperties) = preSolution
		HideSolutionNode = FALSE
	EndGlobalSection
	GlobalSection(ExtensibilityGlobals) = postSolution
		SolutionGuid = {75D1B0E1-C8E2-4349-A943-07F73EFECE67}
	EndGlobalSection
EndGlobal
